
Microsoft Visual Studio Solution File, Format Version 12.00
# Visual Studio Version 17
VisualStudioVersion = 17.9.34310.174
MinimumVisualStudioVersion = 10.0.40219.1
Project("{FAE04EC0-301F-11D3-BF4B-00C04F79EFBC}") = "MVSFirst", "MVSFirst\MVSFirst.csproj", "{86F568C6-8D84-4B04-BF0B-C4DA2A260D0A}"
EndProject
Global
	GlobalSection(SolutionConfigurationPlatforms) = preSolution
		Debug|Any CPU = Debug|Any CPU
		Release|Any CPU = Release|Any CPU
	EndGlobalSection
	GlobalSection(ProjectConfigurationPlatforms) = postSolution
		{86F568C6-8D84-4B04-BF0B-C4DA2A260D0A}.Debug|Any CPU.ActiveCfg = Debug|Any CPU
		{86F568C6-8D84-4B04-BF0B-C4DA2A260D0A}.Debug|Any CPU.Build.0 = Debug|Any CPU
		{86F568C6-8D84-4B04-BF0B-C4DA2A260D0A}.Release|Any CPU.ActiveCfg = Release|Any CPU
		{86F568C6-8D84-4B04-BF0B-C4DA2A260D0A}.Release|Any CPU.Build.0 = Release|Any CPU
	EndGlobalSection
	GlobalSection(SolutionProperties) = preSolution
		HideSolutionNode = FALSE
	EndGlobalSection
	GlobalSection(ExtensibilityGlobals) = postSolution
		SolutionGuid = {B8DCEF50-9692-4458-B53F-101A2E0AFE0D}
	EndGlobalSection
EndGlobal
